# THIS IS AN AUTOGENERATED FILE. DO NOT EDIT THIS FILE DIRECTLY.
# yarn lockfile v1


"@types/accepts@1.3.5":
  version "1.3.5"
  resolved "https://registry.yarnpkg.com/@types/accepts/-/accepts-1.3.5.tgz#c34bec115cfc746e04fe5a059df4ce7e7b391575"
  integrity sha512-jOdnI/3qTpHABjM5cx1Hc0sKsPoYCp+DP/GJRGtDlPd7fiV9oXGGIcjW/ZOxLIvjGz8MA+uMZI9metHlgqbgwQ==
  dependencies:
    "@types/node" "*"

"@types/node@*", "@types/node@18.11.7":
  version "18.11.7"
  resolved "https://registry.yarnpkg.com/@types/node/-/node-18.11.7.tgz#8ccef136f240770c1379d50100796a6952f01f94"
  integrity sha512-LhFTglglr63mNXUSRYD8A+ZAIu5sFqNJ4Y2fPuY7UlrySJH87rRRlhtVmMHplmfk5WkoJGmDjE9oiTfyX94CpQ==

accepts@1.3.8:
  version "1.3.8"
  resolved "https://registry.yarnpkg.com/accepts/-/accepts-1.3.8.tgz#0bf0be125b67014adcb0b0921e62db7bffe16b2e"
  integrity sha512-PYAthTa2m2VKxuvSD3DPC/Gy+U+sOA1LAuT8mkmRuvw+NACSaeXEQ+NHcVF7rONl6qcaxV3Uuemwawk+7+SJLw==
  dependencies:
    mime-types "~2.1.34"
    negotiator "0.6.3"

cookie-es@^0.5.0:
  version "0.5.0"
  resolved "https://registry.yarnpkg.com/cookie-es/-/cookie-es-0.5.0.tgz#a6ad89923e68c542fc9e760b07aefa5ab020d719"
  integrity sha512-RyZrFi6PNpBFbIaQjXDlFIhFVqV42QeKSZX1yQIl6ihImq6vcHNGMtqQ/QzY3RMPuYSkvsRwtnt5M9NeYxKt0g==

destr@^1.2.0:
  version "1.2.0"
  resolved "https://registry.yarnpkg.com/destr/-/destr-1.2.0.tgz#8adb17fa3861b8032ea1bba92f60ba989a9ff119"
  integrity sha512-JG+cG4ZPB1L27sl2C2URg8MIOmIUtTbE5wEx02BpmrTCqg/hXxFKXsYsnODl5PdpqNRaS1KQGUQ56V8jk8XpYQ==

h3@0.8.6:
  version "0.8.6"
  resolved "https://registry.yarnpkg.com/h3/-/h3-0.8.6.tgz#8095ef998fe14769b87170b7c8b68ba9c54973d5"
  integrity sha512-CSWNOKa3QGo67rFU2PhbFTp0uPJtilNji2Z0pMiSRQt3+OkIW0u3E1WMJqIycLqaTgb9JyFqH/S4mcTyyGtvyQ==
  dependencies:
    cookie-es "^0.5.0"
    destr "^1.2.0"
    radix3 "^0.2.1"
    ufo "^0.8.6"

mime-db@1.52.0:
  version "1.52.0"
  resolved "https://registry.yarnpkg.com/mime-db/-/mime-db-1.52.0.tgz#bbabcdc02859f4987301c856e3387ce5ec43bf70"
  integrity sha512-sPU4uV7dYlvtWJxwwxHD0PuihVNiE7TyAbQ5SWxDCB9mUYvOgroQOwYQQOKPJ8CIbE+1ETVlOoK1UC2nU3gYvg==

mime-types@~2.1.34:
  version "2.1.35"
  resolved "https://registry.yarnpkg.com/mime-types/-/mime-types-2.1.35.tgz#381a871b62a734450660ae3deee44813f70d959a"
  integrity sha512-ZDY+bPm5zTTF+YpCrAU9nK0UgICYPT0QtT1NZWFv4s++TNkcgVaT0g6+4R2uI4MjQjzysHB1zxuWL50hzaeXiw==
  dependencies:
    mime-db "1.52.0"

negotiator@0.6.3:
  version "0.6.3"
  resolved "https://registry.yarnpkg.com/negotiator/-/negotiator-0.6.3.tgz#58e323a72fedc0d6f9cd4d31fe49f51479590ccd"
  integrity sha512-+EUsqGPLsM+j/zdChZjsnX51g4XrHFOIXwfnCVPGlQk/k5giakcKsuxCObBRu6DSm9opw/O6slWbJdghQM4bBg==

radix3@^0.2.1:
  version "0.2.1"
  resolved "https://registry.yarnpkg.com/radix3/-/radix3-0.2.1.tgz#77e66a41c7ba5600a8bc137fd259ef661d314418"
  integrity sha512-FnhArTl5Tq7dodiLeSPKrDUyCQuJqEncP8cKdyy399g8F/cz7GH6FmzA3Rkosu2IZMkpswFFwXfb2ERSiL06pg==

typescript@4.8.4:
  version "4.8.4"
  resolved "https://registry.yarnpkg.com/typescript/-/typescript-4.8.4.tgz#c464abca159669597be5f96b8943500b238e60e6"
  integrity sha512-QCh+85mCy+h0IGff8r5XWzOVSbBO+KfeYrMQh7NJ58QujwcE22u+NUSmUxqF+un70P9GXKxa2HCNiTTMJknyjQ==

ufo@^0.8.6:
  version "0.8.6"
  resolved "https://registry.yarnpkg.com/ufo/-/ufo-0.8.6.tgz#c0ec89bc0e0c9fa59a683680feb0f28b55ec323b"
  integrity sha512-fk6CmUgwKCfX79EzcDQQpSCMxrHstvbLswFChHS0Vump+kFkw7nJBfTZoC1j0bOGoY9I7R3n2DGek5ajbcYnOw==
